// !$*UTF8*$!
{
	archiveVersion = 1;
	classes = {
	};
	objectVersion = 50;
	objects = {

/* Begin PBXBuildFile section */
		191265B121E1D51100A42C96 /* AppDelegate.m in Sources */ = {isa = PBXBuildFile; fileRef = 191265B021E1D51100A42C96 /* AppDelegate.m */; };
		191265B421E1D51100A42C96 /* ViewController.m in Sources */ = {isa = PBXBuildFile; fileRef = 191265B321E1D51100A42C96 /* ViewController.m */; };
		191265B721E1D51100A42C96 /* Main.storyboard in Resources */ = {isa = PBXBuildFile; fileRef = 191265B521E1D51100A42C96 /* Main.storyboard */; };
		191265B921E1D51200A42C96 /* Assets.xcassets in Resources */ = {isa = PBXBuildFile; fileRef = 191265B821E1D51200A42C96 /* Assets.xcassets */; };
		191265BC21E1D51200A42C96 /* LaunchScreen.storyboard in Resources */ = {isa = PBXBuildFile; fileRef = 191265BA21E1D51200A42C96 /* LaunchScreen.storyboard */; };
		191265BF21E1D51200A42C96 /* main.m in Sources */ = {isa = PBXBuildFile; fileRef = 191265BE21E1D51200A42C96 /* main.m */; };
		191265C921E1D51200A42C96 /* __4_uiview_stretchTests.m in Sources */ = {isa = PBXBuildFile; fileRef = 191265C821E1D51200A42C96 /* __4_uiview_stretchTests.m */; };
		191265D421E1D51200A42C96 /* __4_uiview_stretchUITests.m in Sources */ = {isa = PBXBuildFile; fileRef = 191265D321E1D51200A42C96 /* __4_uiview_stretchUITests.m */; };
		191265E221E1D52400A42C96 /* circle.png in Resources */ = {isa = PBXBuildFile; fileRef = 191265E121E1D52400A42C96 /* circle.png */; };
/* End PBXBuildFile section */

/* Begin PBXContainerItemProxy section */
		191265C521E1D51200A42C96 /* PBXContainerItemProxy */ = {
			isa = PBXContainerItemProxy;
			containerPortal = 191265A421E1D51100A42C96 /* Project object */;
			proxyType = 1;
			remoteGlobalIDString = 191265AB21E1D51100A42C96;
			remoteInfo = 3.4_uiview_stretch;
		};
		191265D021E1D51200A42C96 /* PBXContainerItemProxy */ = {
			isa = PBXContainerItemProxy;
			containerPortal = 191265A421E1D51100A42C96 /* Project object */;
			proxyType = 1;
			remoteGlobalIDString = 191265AB21E1D51100A42C96;
			remoteInfo = 3.4_uiview_stretch;
		};
/* End PBXContainerItemProxy section */

/* Begin PBXFileReference section */
		191265AC21E1D51100A42C96 /* 3.4_uiview_stretch.app */ = {isa = PBXFileReference; explicitFileType = wrapper.application; includeInIndex = 0; path = 3.4_uiview_stretch.app; sourceTree = BUILT_PRODUCTS_DIR; };
		191265AF21E1D51100A42C96 /* AppDelegate.h */ = {isa = PBXFileReference; lastKnownFileType = sourcecode.c.h; path = AppDelegate.h; sourceTree = "<group>"; };
		191265B021E1D51100A42C96 /* AppDelegate.m */ = {isa = PBXFileReference; lastKnownFileType = sourcecode.c.objc; path = AppDelegate.m; sourceTree = "<group>"; };
		191265B221E1D51100A42C96 /* ViewController.h */ = {isa = PBXFileReference; lastKnownFileType = sourcecode.c.h; path = ViewController.h; sourceTree = "<group>"; };
		191265B321E1D51100A42C96 /* ViewController.m */ = {isa = PBXFileReference; lastKnownFileType = sourcecode.c.objc; path = ViewController.m; sourceTree = "<group>"; };
		191265B621E1D51100A42C96 /* Base */ = {isa = PBXFileReference; lastKnownFileType = file.storyboard; name = Base; path = Base.lproj/Main.storyboard; sourceTree = "<group>"; };
		191265B821E1D51200A42C96 /* Assets.xcassets */ = {isa = PBXFileReference; lastKnownFileType = folder.assetcatalog; path = Assets.xcassets; sourceTree = "<group>"; };
		191265BB21E1D51200A42C96 /* Base */ = {isa = PBXFileReference; lastKnownFileType = file.storyboard; name = Base; path = Base.lproj/LaunchScreen.storyboard; sourceTree = "<group>"; };
		191265BD21E1D51200A42C96 /* Info.plist */ = {isa = PBXFileReference; lastKnownFileType = text.plist.xml; path = Info.plist; sourceTree = "<group>"; };
		191265BE21E1D51200A42C96 /* main.m */ = {isa = PBXFileReference; lastKnownFileType = sourcecode.c.objc; path = main.m; sourceTree = "<group>"; };
		191265C421E1D51200A42C96 /* 3.4_uiview_stretchTests.xctest */ = {isa = PBXFileReference; explicitFileType = wrapper.cfbundle; includeInIndex = 0; path = 3.4_uiview_stretchTests.xctest; sourceTree = BUILT_PRODUCTS_DIR; };
		191265C821E1D51200A42C96 /* __4_uiview_stretchTests.m */ = {isa = PBXFileReference; lastKnownFileType = sourcecode.c.objc; path = __4_uiview_stretchTests.m; sourceTree = "<group>"; };
		191265CA21E1D51200A42C96 /* Info.plist */ = {isa = PBXFileReference; lastKnownFileType = text.plist.xml; path = Info.plist; sourceTree = "<group>"; };
		191265CF21E1D51200A42C96 /* 3.4_uiview_stretchUITests.xctest */ = {isa = PBXFileReference; explicitFileType = wrapper.cfbundle; includeInIndex = 0; path = 3.4_uiview_stretchUITests.xctest; sourceTree = BUILT_PRODUCTS_DIR; };
		191265D321E1D51200A42C96 /* __4_uiview_stretchUITests.m */ = {isa = PBXFileReference; lastKnownFileType = sourcecode.c.objc; path = __4_uiview_stretchUITests.m; sourceTree = "<group>"; };
		191265D521E1D51200A42C96 /* Info.plist */ = {isa = PBXFileReference; lastKnownFileType = text.plist.xml; path = Info.plist; sourceTree = "<group>"; };
		191265E121E1D52400A42C96 /* circle.png */ = {isa = PBXFileReference; lastKnownFileType = image.png; path = circle.png; sourceTree = "<group>"; };
/* End PBXFileReference section */

/* Begin PBXFrameworksBuildPhase section */
		191265A921E1D51100A42C96 /* Frameworks */ = {
			isa = PBXFrameworksBuildPhase;
			buildActionMask = 2147483647;
			files = (
			);
			runOnlyForDeploymentPostprocessing = 0;
		};
		191265C121E1D51200A42C96 /* Frameworks */ = {
			isa = PBXFrameworksBuildPhase;
			buildActionMask = 2147483647;
			files = (
			);
			runOnlyForDeploymentPostprocessing = 0;
		};
		191265CC21E1D51200A42C96 /* Frameworks */ = {
			isa = PBXFrameworksBuildPhase;
			buildActionMask = 2147483647;
			files = (
			);
			runOnlyForDeploymentPostprocessing = 0;
		};
/* End PBXFrameworksBuildPhase section */

/* Begin PBXGroup section */
		191265A321E1D51100A42C96 = {
			isa = PBXGroup;
			children = (
				191265AE21E1D51100A42C96 /* 3.4_uiview_stretch */,
				191265C721E1D51200A42C96 /* 3.4_uiview_stretchTests */,
				191265D221E1D51200A42C96 /* 3.4_uiview_stretchUITests */,
				191265AD21E1D51100A42C96 /* Products */,
			);
			sourceTree = "<group>";
		};
		191265AD21E1D51100A42C96 /* Products */ = {
			isa = PBXGroup;
			children = (
				191265AC21E1D51100A42C96 /* 3.4_uiview_stretch.app */,
				191265C421E1D51200A42C96 /* 3.4_uiview_stretchTests.xctest */,
				191265CF21E1D51200A42C96 /* 3.4_uiview_stretchUITests.xctest */,
			);
			name = Products;
			sourceTree = "<group>";
		};
		191265AE21E1D51100A42C96 /* 3.4_uiview_stretch */ = {
			isa = PBXGroup;
			children = (
				191265AF21E1D51100A42C96 /* AppDelegate.h */,
				191265B021E1D51100A42C96 /* AppDelegate.m */,
				191265B221E1D51100A42C96 /* ViewController.h */,
				191265B321E1D51100A42C96 /* ViewController.m */,
				191265B521E1D51100A42C96 /* Main.storyboard */,
				191265B821E1D51200A42C96 /* Assets.xcassets */,
				191265E121E1D52400A42C96 /* circle.png */,
				191265BA21E1D51200A42C96 /* LaunchScreen.storyboard */,
				191265BD21E1D51200A42C96 /* Info.plist */,
				191265BE21E1D51200A42C96 /* main.m */,
			);
			path = 3.4_uiview_stretch;
			sourceTree = "<group>";
		};
		191265C721E1D51200A42C96 /* 3.4_uiview_stretchTests */ = {
			isa = PBXGroup;
			children = (
				191265C821E1D51200A42C96 /* __4_uiview_stretchTests.m */,
				191265CA21E1D51200A42C96 /* Info.plist */,
			);
			path = 3.4_uiview_stretchTests;
			sourceTree = "<group>";
		};
		191265D221E1D51200A42C96 /* 3.4_uiview_stretchUITests */ = {
			isa = PBXGroup;
			children = (
				191265D321E1D51200A42C96 /* __4_uiview_stretchUITests.m */,
				191265D521E1D51200A42C96 /* Info.plist */,
			);
			path = 3.4_uiview_stretchUITests;
			sourceTree = "<group>";
		};
/* End PBXGroup section */

/* Begin PBXNativeTarget section */
		191265AB21E1D51100A42C96 /* 3.4_uiview_stretch */ = {
			isa = PBXNativeTarget;
			buildConfigurationList = 191265D821E1D51200A42C96 /* Build configuration list for PBXNativeTarget "3.4_uiview_stretch" */;
			buildPhases = (
				191265A821E1D51100A42C96 /* Sources */,
				191265A921E1D51100A42C96 /* Frameworks */,
				191265AA21E1D51100A42C96 /* Resources */,
			);
			buildRules = (
			);
			dependencies = (
			);
			name = 3.4_uiview_stretch;
			productName = 3.4_uiview_stretch;
			productReference = 191265AC21E1D51100A42C96 /* 3.4_uiview_stretch.app */;
			productType = "com.apple.product-type.application";
		};
		191265C321E1D51200A42C96 /* 3.4_uiview_stretchTests */ = {
			isa = PBXNativeTarget;
			buildConfigurationList = 191265DB21E1D51200A42C96 /* Build configuration list for PBXNativeTarget "3.4_uiview_stretchTests" */;
			buildPhases = (
				191265C021E1D51200A42C96 /* Sources */,
				191265C121E1D51200A42C96 /* Frameworks */,
				191265C221E1D51200A42C96 /* Resources */,
			);
			buildRules = (
			);
			dependencies = (
				191265C621E1D51200A42C96 /* PBXTargetDependency */,
			);
			name = 3.4_uiview_stretchTests;
			productName = 3.4_uiview_stretchTests;
			productReference = 191265C421E1D51200A42C96 /* 3.4_uiview_stretchTests.xctest */;
			productType = "com.apple.product-type.bundle.unit-test";
		};
		191265CE21E1D51200A42C96 /* 3.4_uiview_stretchUITests */ = {
			isa = PBXNativeTarget;
			buildConfigurationList = 191265DE21E1D51200A42C96 /* Build configuration list for PBXNativeTarget "3.4_uiview_stretchUITests" */;
			buildPhases = (
				191265CB21E1D51200A42C96 /* Sources */,
				191265CC21E1D51200A42C96 /* Frameworks */,
				191265CD21E1D51200A42C96 /* Resources */,
			);
			buildRules = (
			);
			dependencies = (
				191265D121E1D51200A42C96 /* PBXTargetDependency */,
			);
			name = 3.4_uiview_stretchUITests;
			productName = 3.4_uiview_stretchUITests;
			productReference = 191265CF21E1D51200A42C96 /* 3.4_uiview_stretchUITests.xctest */;
			productType = "com.apple.product-type.bundle.ui-testing";
		};
/* End PBXNativeTarget section */

/* Begin PBXProject section */
		191265A421E1D51100A42C96 /* Project object */ = {
			isa = PBXProject;
			attributes = {
				LastUpgradeCheck = 1010;
				ORGANIZATIONNAME = JunNakajima;
				TargetAttributes = {
					191265AB21E1D51100A42C96 = {
						CreatedOnToolsVersion = 10.1;
					};
					191265C321E1D51200A42C96 = {
						CreatedOnToolsVersion = 10.1;
						TestTargetID = 191265AB21E1D51100A42C96;
					};
					191265CE21E1D51200A42C96 = {
						CreatedOnToolsVersion = 10.1;
						TestTargetID = 191265AB21E1D51100A42C96;
					};
				};
			};
			buildConfigurationList = 191265A721E1D51100A42C96 /* Build configuration list for PBXProject "3.4_uiview_stretch" */;
			compatibilityVersion = "Xcode 9.3";
			developmentRegion = en;
			hasScannedForEncodings = 0;
			knownRegions = (
				en,
				Base,
			);
			mainGroup = 191265A321E1D51100A42C96;
			productRefGroup = 191265AD21E1D51100A42C96 /* Products */;
			projectDirPath = "";
			projectRoot = "";
			targets = (
				191265AB21E1D51100A42C96 /* 3.4_uiview_stretch */,
				191265C321E1D51200A42C96 /* 3.4_uiview_stretchTests */,
				191265CE21E1D51200A42C96 /* 3.4_uiview_stretchUITests */,
			);
		};
/* End PBXProject section */

/* Begin PBXResourcesBuildPhase section */
		191265AA21E1D51100A42C96 /* Resources */ = {
			isa = PBXResourcesBuildPhase;
			buildActionMask = 2147483647;
			files = (
				191265BC21E1D51200A42C96 /* LaunchScreen.storyboard in Resources */,
				191265B921E1D51200A42C96 /* Assets.xcassets in Resources */,
				191265B721E1D51100A42C96 /* Main.storyboard in Resources */,
				191265E221E1D52400A42C96 /* circle.png in Resources */,
			);
			runOnlyForDeploymentPostprocessing = 0;
		};
		191265C221E1D51200A42C96 /* Resources */ = {
			isa = PBXResourcesBuildPhase;
			buildActionMask = 2147483647;
			files = (
			);
			runOnlyForDeploymentPostprocessing = 0;
		};
		191265CD21E1D51200A42C96 /* Resources */ = {
			isa = PBXResourcesBuildPhase;
			buildActionMask = 2147483647;
			files = (
			);
			runOnlyForDeploymentPostprocessing = 0;
		};
/* End PBXResourcesBuildPhase section */

/* Begin PBXSourcesBuildPhase section */
		191265A821E1D51100A42C96 /* Sources */ = {
			isa = PBXSourcesBuildPhase;
			buildActionMask = 2147483647;
			files = (
				191265B421E1D51100A42C96 /* ViewController.m in Sources */,
				191265BF21E1D51200A42C96 /* main.m in Sources */,
				191265B121E1D51100A42C96 /* AppDelegate.m in Sources */,
			);
			runOnlyForDeploymentPostprocessing = 0;
		};
		191265C021E1D51200A42C96 /* Sources */ = {
			isa = PBXSourcesBuildPhase;
			buildActionMask = 2147483647;
			files = (
				191265C921E1D51200A42C96 /* __4_uiview_stretchTests.m in Sources */,
			);
			runOnlyForDeploymentPostprocessing = 0;
		};
		191265CB21E1D51200A42C96 /* Sources */ = {
			isa = PBXSourcesBuildPhase;
			buildActionMask = 2147483647;
			files = (
				191265D421E1D51200A42C96 /* __4_uiview_stretchUITests.m in Sources */,
			);
			runOnlyForDeploymentPostprocessing = 0;
		};
/* End PBXSourcesBuildPhase section */

/* Begin PBXTargetDependency section */
		191265C621E1D51200A42C96 /* PBXTargetDependency */ = {
			isa = PBXTargetDependency;
			target = 191265AB21E1D51100A42C96 /* 3.4_uiview_stretch */;
			targetProxy = 191265C521E1D51200A42C96 /* PBXContainerItemProxy */;
		};
		191265D121E1D51200A42C96 /* PBXTargetDependency */ = {
			isa = PBXTargetDependency;
			target = 191265AB21E1D51100A42C96 /* 3.4_uiview_stretch */;
			targetProxy = 191265D021E1D51200A42C96 /* PBXContainerItemProxy */;
		};
/* End PBXTargetDependency section */

/* Begin PBXVariantGroup section */
		191265B521E1D51100A42C96 /* Main.storyboard */ = {
			isa = PBXVariantGroup;
			children = (
				191265B621E1D51100A42C96 /* Base */,
			);
			name = Main.storyboard;
			sourceTree = "<group>";
		};
		191265BA21E1D51200A42C96 /* LaunchScreen.storyboard */ = {
			isa = PBXVariantGroup;
			children = (
				191265BB21E1D51200A42C96 /* Base */,
			);
			name = LaunchScreen.storyboard;
			sourceTree = "<group>";
		};
/* End PBXVariantGroup section */

/* Begin XCBuildConfiguration section */
		191265D621E1D51200A42C96 /* Debug */ = {
			isa = XCBuildConfiguration;
			buildSettings = {
				ALWAYS_SEARCH_USER_PATHS = NO;
				CLANG_ANALYZER_NONNULL = YES;
				CLANG_ANALYZER_NUMBER_OBJECT_CONVERSION = YES_AGGRESSIVE;
				CLANG_CXX_LANGUAGE_STANDARD = "gnu++14";
				CLANG_CXX_LIBRARY = "libc++";
				CLANG_ENABLE_MODULES = YES;
				CLANG_ENABLE_OBJC_ARC = YES;
				CLANG_ENABLE_OBJC_WEAK = YES;
				CLANG_WARN_BLOCK_CAPTURE_AUTORELEASING = YES;
				CLANG_WARN_BOOL_CONVERSION = YES;
				CLANG_WARN_COMMA = YES;
				CLANG_WARN_CONSTANT_CONVERSION = YES;
				CLANG_WARN_DEPRECATED_OBJC_IMPLEMENTATIONS = YES;
				CLANG_WARN_DIRECT_OBJC_ISA_USAGE = YES_ERROR;
				CLANG_WARN_DOCUMENTATION_COMMENTS = YES;
				CLANG_WARN_EMPTY_BODY = YES;
				CLANG_WARN_ENUM_CONVERSION = YES;
				CLANG_WARN_INFINITE_RECURSION = YES;
				CLANG_WARN_INT_CONVERSION = YES;
				CLANG_WARN_NON_LITERAL_NULL_CONVERSION = YES;
				CLANG_WARN_OBJC_IMPLICIT_RETAIN_SELF = YES;
				CLANG_WARN_OBJC_LITERAL_CONVERSION = YES;
				CLANG_WARN_OBJC_ROOT_CLASS = YES_ERROR;
				CLANG_WARN_RANGE_LOOP_ANALYSIS = YES;
				CLANG_WARN_STRICT_PROTOTYPES = YES;
				CLANG_WARN_SUSPICIOUS_MOVE = YES;
				CLANG_WARN_UNGUARDED_AVAILABILITY = YES_AGGRESSIVE;
				CLANG_WARN_UNREACHABLE_CODE = YES;
				CLANG_WARN__DUPLICATE_METHOD_MATCH = YES;
				CODE_SIGN_IDENTITY = "iPhone Developer";
				COPY_PHASE_STRIP = NO;
				DEBUG_INFORMATION_FORMAT = dwarf;
				ENABLE_STRICT_OBJC_MSGSEND = YES;
				ENABLE_TESTABILITY = YES;
				GCC_C_LANGUAGE_STANDARD = gnu11;
				GCC_DYNAMIC_NO_PIC = NO;
				GCC_NO_COMMON_BLOCKS = YES;
				GCC_OPTIMIZATION_LEVEL = 0;
				GCC_PREPROCESSOR_DEFINITIONS = (
					"DEBUG=1",
					"$(inherited)",
				);
				GCC_WARN_64_TO_32_BIT_CONVERSION = YES;
				GCC_WARN_ABOUT_RETURN_TYPE = YES_ERROR;
				GCC_WARN_UNDECLARED_SELECTOR = YES;
				GCC_WARN_UNINITIALIZED_AUTOS = YES_AGGRESSIVE;
				GCC_WARN_UNUSED_FUNCTION = YES;
				GCC_WARN_UNUSED_VARIABLE = YES;
				IPHONEOS_DEPLOYMENT_TARGET = 12.1;
				MTL_ENABLE_DEBUG_INFO = INCLUDE_SOURCE;
				MTL_FAST_MATH = YES;
				ONLY_ACTIVE_ARCH = YES;
				SDKROOT = iphoneos;
			};
			name = Debug;
		};
		191265D721E1D51200A42C96 /* Release */ = {
			isa = XCBuildConfiguration;
			buildSettings = {
				ALWAYS_SEARCH_USER_PATHS = NO;
				CLANG_ANALYZER_NONNULL = YES;
				CLANG_ANALYZER_NUMBER_OBJECT_CONVERSION = YES_AGGRESSIVE;
				CLANG_CXX_LANGUAGE_STANDARD = "gnu++14";
				CLANG_CXX_LIBRARY = "libc++";
				CLANG_ENABLE_MODULES = YES;
				CLANG_ENABLE_OBJC_ARC = YES;
				CLANG_ENABLE_OBJC_WEAK = YES;
				CLANG_WARN_BLOCK_CAPTURE_AUTORELEASING = YES;
				CLANG_WARN_BOOL_CONVERSION = YES;
				CLANG_WARN_COMMA = YES;
				CLANG_WARN_CONSTANT_CONVERSION = YES;
				CLANG_WARN_DEPRECATED_OBJC_IMPLEMENTATIONS = YES;
				CLANG_WARN_DIRECT_OBJC_ISA_USAGE = YES_ERROR;
				CLANG_WARN_DOCUMENTATION_COMMENTS = YES;
				CLANG_WARN_EMPTY_BODY = YES;
				CLANG_WARN_ENUM_CONVERSION = YES;
				CLANG_WARN_INFINITE_RECURSION = YES;
				CLANG_WARN_INT_CONVERSION = YES;
				CLANG_WARN_NON_LITERAL_NULL_CONVERSION = YES;
				CLANG_WARN_OBJC_IMPLICIT_RETAIN_SELF = YES;
				CLANG_WARN_OBJC_LITERAL_CONVERSION = YES;
				CLANG_WARN_OBJC_ROOT_CLASS = YES_ERROR;
				CLANG_WARN_RANGE_LOOP_ANALYSIS = YES;
				CLANG_WARN_STRICT_PROTOTYPES = YES;
				CLANG_WARN_SUSPICIOUS_MOVE = YES;
				CLANG_WARN_UNGUARDED_AVAILABILITY = YES_AGGRESSIVE;
				CLANG_WARN_UNREACHABLE_CODE = YES;
				CLANG_WARN__DUPLICATE_METHOD_MATCH = YES;
				CODE_SIGN_IDENTITY = "iPhone Developer";
				COPY_PHASE_STRIP = NO;
				DEBUG_INFORMATION_FORMAT = "dwarf-with-dsym";
				ENABLE_NS_ASSERTIONS = NO;
				ENABLE_STRICT_OBJC_MSGSEND = YES;
				GCC_C_LANGUAGE_STANDARD = gnu11;
				GCC_NO_COMMON_BLOCKS = YES;
				GCC_WARN_64_TO_32_BIT_CONVERSION = YES;
				GCC_WARN_ABOUT_RETURN_TYPE = YES_ERROR;
				GCC_WARN_UNDECLARED_SELECTOR = YES;
				GCC_WARN_UNINITIALIZED_AUTOS = YES_AGGRESSIVE;
				GCC_WARN_UNUSED_FUNCTION = YES;
				GCC_WARN_UNUSED_VARIABLE = YES;
				IPHONEOS_DEPLOYMENT_TARGET = 12.1;
				MTL_ENABLE_DEBUG_INFO = NO;
				MTL_FAST_MATH = YES;
				SDKROOT = iphoneos;
				VALIDATE_PRODUCT = YES;
			};
			name = Release;
		};
		191265D921E1D51200A42C96 /* Debug */ = {
			isa = XCBuildConfiguration;
			buildSettings = {
				ASSETCATALOG_COMPILER_APPICON_NAME = AppIcon;
				CODE_SIGN_STYLE = Automatic;
				INFOPLIST_FILE = 3.4_uiview_stretch/Info.plist;
				LD_RUNPATH_SEARCH_PATHS = (
					"$(inherited)",
					"@executable_path/Frameworks",
				);
				PRODUCT_BUNDLE_IDENTIFIER = "com.junnakajima.--4-uiview-stretch";
				PRODUCT_NAME = "$(TARGET_NAME)";
				TARGETED_DEVICE_FAMILY = "1,2";
			};
			name = Debug;
		};
		191265DA21E1D51200A42C96 /* Release */ = {
			isa = XCBuildConfiguration;
			buildSettings = {
				ASSETCATALOG_COMPILER_APPICON_NAME = AppIcon;
				CODE_SIGN_STYLE = Automatic;
				INFOPLIST_FILE = 3.4_uiview_stretch/Info.plist;
				LD_RUNPATH_SEARCH_PATHS = (
					"$(inherited)",
					"@executable_path/Frameworks",
				);
				PRODUCT_BUNDLE_IDENTIFIER = "com.junnakajima.--4-uiview-stretch";
				PRODUCT_NAME = "$(TARGET_NAME)";
				TARGETED_DEVICE_FAMILY = "1,2";
			};
			name = Release;
		};
		191265DC21E1D51200A42C96 /* Debug */ = {
			isa = XCBuildConfiguration;
			buildSettings = {
				BUNDLE_LOADER = "$(TEST_HOST)";
				CODE_SIGN_STYLE = Automatic;
				INFOPLIST_FILE = 3.4_uiview_stretchTests/Info.plist;
				LD_RUNPATH_SEARCH_PATHS = (
					"$(inherited)",
					"@executable_path/Frameworks",
					"@loader_path/Frameworks",
				);
				PRODUCT_BUNDLE_IDENTIFIER = "com.junnakajima.--4-uiview-stretchTests";
				PRODUCT_NAME = "$(TARGET_NAME)";
				TARGETED_DEVICE_FAMILY = "1,2";
				TEST_HOST = "$(BUILT_PRODUCTS_DIR)/3.4_uiview_stretch.app/3.4_uiview_stretch";
			};
			name = Debug;
		};
		191265DD21E1D51200A42C96 /* Release */ = {
			isa = XCBuildConfiguration;
			buildSettings = {
				BUNDLE_LOADER = "$(TEST_HOST)";
				CODE_SIGN_STYLE = Automatic;
				INFOPLIST_FILE = 3.4_uiview_stretchTests/Info.plist;
				LD_RUNPATH_SEARCH_PATHS = (
					"$(inherited)",
					"@executable_path/Frameworks",
					"@loader_path/Frameworks",
				);
				PRODUCT_BUNDLE_IDENTIFIER = "com.junnakajima.--4-uiview-stretchTests";
				PRODUCT_NAME = "$(TARGET_NAME)";
				TARGETED_DEVICE_FAMILY = "1,2";
				TEST_HOST = "$(BUILT_PRODUCTS_DIR)/3.4_uiview_stretch.app/3.4_uiview_stretch";
			};
			name = Release;
		};
		191265DF21E1D51200A42C96 /* Debug */ = {
			isa = XCBuildConfiguration;
			buildSettings = {
				CODE_SIGN_STYLE = Automatic;
				INFOPLIST_FILE = 3.4_uiview_stretchUITests/Info.plist;
				LD_RUNPATH_SEARCH_PATHS = (
					"$(inherited)",
					"@executable_path/Frameworks",
					"@loader_path/Frameworks",
				);
				PRODUCT_BUNDLE_IDENTIFIER = "com.junnakajima.--4-uiview-stretchUITests";
				PRODUCT_NAME = "$(TARGET_NAME)";
				TARGETED_DEVICE_FAMILY = "1,2";
				TEST_TARGET_NAME = 3.4_uiview_stretch;
			};
			name = Debug;
		};
		191265E021E1D51200A42C96 /* Release */ = {
			isa = XCBuildConfiguration;
			buildSettings = {
				CODE_SIGN_STYLE = Automatic;
				INFOPLIST_FILE = 3.4_uiview_stretchUITests/Info.plist;
				LD_RUNPATH_SEARCH_PATHS = (
					"$(inherited)",
					"@executable_path/Frameworks",
					"@loader_path/Frameworks",
				);
				PRODUCT_BUNDLE_IDENTIFIER = "com.junnakajima.--4-uiview-stretchUITests";
				PRODUCT_NAME = "$(TARGET_NAME)";
				TARGETED_DEVICE_FAMILY = "1,2";
				TEST_TARGET_NAME = 3.4_uiview_stretch;
			};
			name = Release;
		};
/* End XCBuildConfiguration section */

/* Begin XCConfigurationList section */
		191265A721E1D51100A42C96 /* Build configuration list for PBXProject "3.4_uiview_stretch" */ = {
			isa = XCConfigurationList;
			buildConfigurations = (
				191265D621E1D51200A42C96 /* Debug */,
				191265D721E1D51200A42C96 /* Release */,
			);
			defaultConfigurationIsVisible = 0;
			defaultConfigurationName = Release;
		};
		191265D821E1D51200A42C96 /* Build configuration list for PBXNativeTarget "3.4_uiview_stretch" */ = {
			isa = XCConfigurationList;
			buildConfigurations = (
				191265D921E1D51200A42C96 /* Debug */,
				191265DA21E1D51200A42C96 /* Release */,
			);
			defaultConfigurationIsVisible = 0;
			defaultConfigurationName = Release;
		};
		191265DB21E1D51200A42C96 /* Build configuration list for PBXNativeTarget "3.4_uiview_stretchTests" */ = {
			isa = XCConfigurationList;
			buildConfigurations = (
				191265DC21E1D51200A42C96 /* Debug */,
				191265DD21E1D51200A42C96 /* Release */,
			);
			defaultConfigurationIsVisible = 0;
			defaultConfigurationName = Release;
		};
		191265DE21E1D51200A42C96 /* Build configuration list for PBXNativeTarget "3.4_uiview_stretchUITests" */ = {
			isa = XCConfigurationList;
			buildConfigurations = (
				191265DF21E1D51200A42C96 /* Debug */,
				191265E021E1D51200A42C96 /* Release */,
			);
			defaultConfigurationIsVisible = 0;
			defaultConfigurationName = Release;
		};
/* End XCConfigurationList section */
	};
	rootObject = 191265A421E1D51100A42C96 /* Project object */;
}
